# Code generated by scarb DO NOT EDIT.
version = 1

[[package]]
name = "achievement"
version = "0.0.0"
source = "git+https://github.com/cartridge-gg/arcade#14bff9984e32461ef0954e376c56634cd0450732"
dependencies = [
 "dojo",
]

[[package]]
name = "dojo"
version = "1.0.12"
source = "git+https://github.com/dojoengine/dojo?tag=v1.0.12#5f74aaef06a7900b1a6f6448465eb623c2e14aa1"
dependencies = [
 "dojo_plugin",
]

[[package]]
name = "dojo_cairo_test"
version = "1.0.11"
source = "git+https://github.com/dojoengine/dojo?tag=v1.0.12#5f74aaef06a7900b1a6f6448465eb623c2e14aa1"
dependencies = [
 "dojo",
]

[[package]]
name = "dojo_plugin"
version = "2.8.4"
source = "git+https://github.com/dojoengine/dojo?tag=v1.0.12#5f74aaef06a7900b1a6f6448465eb623c2e14aa1"

[[package]]
name = "mancala"
version = "0.3.2"
dependencies = [
 "achievement",
 "dojo",
 "dojo_cairo_test",
]
