# Code generated by scarb DO NOT EDIT.
version = 1

[[package]]
name = "achievement"
version = "0.0.0"
source = "git+https://github.com/cartridge-gg/arcade?tag=v1.1.2#f73c8a231f4d572502c28955decdf99b4713b696"
dependencies = [
 "dojo",
]

[[package]]
name = "dojo"
version = "1.1.2"
source = "git+https://github.com/dojoengine/dojo?tag=v1.1.2#4f3373ed4f98e1778022ed6f6502ce89f9d29b58"
dependencies = [
 "dojo_plugin",
]

[[package]]
name = "dojo_cairo_test"
version = "1.0.12"
source = "git+https://github.com/dojoengine/dojo?tag=v1.1.2#4f3373ed4f98e1778022ed6f6502ce89f9d29b58"
dependencies = [
 "dojo",
]

[[package]]
name = "dojo_plugin"
version = "2.9.2"
source = "git+https://github.com/dojoengine/dojo?tag=v1.1.2#4f3373ed4f98e1778022ed6f6502ce89f9d29b58"

[[package]]
name = "mancala"
version = "0.3.1"
dependencies = [
 "achievement",
 "dojo",
 "dojo_cairo_test",
 "openzeppelin_token",
]

[[package]]
name = "openzeppelin_access"
version = "0.19.0"
source = "registry+https://scarbs.xyz/"
checksum = "sha256:0f5055ef443327bb613a56a812ccf31157abfd7d36a18739556f78b67f5b1116"
dependencies = [
 "openzeppelin_introspection",
 "openzeppelin_utils",
]

[[package]]
name = "openzeppelin_account"
version = "0.19.0"
source = "registry+https://scarbs.xyz/"
checksum = "sha256:0c92c856e44080e3280788d1c46f89ac707c64fa555eb02c343e492709a1ee50"
dependencies = [
 "openzeppelin_introspection",
 "openzeppelin_utils",
]

[[package]]
name = "openzeppelin_introspection"
version = "0.19.0"
source = "registry+https://scarbs.xyz/"
checksum = "sha256:a1dda07a91c447b83ccfcc4895897ec134917f0ff6d2ca876b93ea27466d7693"

[[package]]
name = "openzeppelin_token"
version = "0.19.0"
source = "registry+https://scarbs.xyz/"
checksum = "sha256:9cba10f666ca6dd83b581367438d04b244bd5bbf0cfad6a28d193d373c0498b8"
dependencies = [
 "openzeppelin_access",
 "openzeppelin_account",
 "openzeppelin_introspection",
 "openzeppelin_utils",
]

[[package]]
name = "openzeppelin_utils"
version = "0.19.0"
source = "registry+https://scarbs.xyz/"
checksum = "sha256:0e0e6f6b20b3c4075b92941a2c124430a59f1c207f8fbdfd56ce9239e6d666a8"
